
Microsoft Visual Studio Solution File, Format Version 12.00
# Visual Studio Version 16
VisualStudioVersion = 16.0.29613.14
MinimumVisualStudioVersion = 10.0.40219.1
Project("{9A19103F-16F7-4668-BE54-9A1E7A4F7556}") = "AWSServerless2", "AWSServerless2\AWSServerless2.csproj", "{9ED327EE-DF2B-4F9A-A8B0-660BC89B3042}"
EndProject
Global
	GlobalSection(SolutionConfigurationPlatforms) = preSolution
		Debug|Any CPU = Debug|Any CPU
		Release|Any CPU = Release|Any CPU
	EndGlobalSection
	GlobalSection(ProjectConfigurationPlatforms) = postSolution
		{9ED327EE-DF2B-4F9A-A8B0-660BC89B3042}.Debug|Any CPU.ActiveCfg = Debug|Any CPU
		{9ED327EE-DF2B-4F9A-A8B0-660BC89B3042}.Debug|Any CPU.Build.0 = Debug|Any CPU
		{9ED327EE-DF2B-4F9A-A8B0-660BC89B3042}.Release|Any CPU.ActiveCfg = Release|Any CPU
		{9ED327EE-DF2B-4F9A-A8B0-660BC89B3042}.Release|Any CPU.Build.0 = Release|Any CPU
	EndGlobalSection
	GlobalSection(SolutionProperties) = preSolution
		HideSolutionNode = FALSE
	EndGlobalSection
	GlobalSection(ExtensibilityGlobals) = postSolution
		SolutionGuid = {8C82D5EE-7F97-42EF-98E8-82C375DDFDEF}
	EndGlobalSection
EndGlobal
